
Microsoft Visual Studio Solution File, Format Version 12.00
# Visual Studio Version 16
VisualStudioVersion = 16.0.33801.447
MinimumVisualStudioVersion = 10.0.40219.1
Project("{8BC9CEB8-8B4A-11D0-8D11-00A0C91BC942}") = "Linkedlist", "Linkedlist.vcxproj", "{A650B00F-BD9C-4089-95AD-E376493D71D3}"
EndProject
Global
	GlobalSection(SolutionConfigurationPlatforms) = preSolution
		Debug|x64 = Debug|x64
		Debug|x86 = Debug|x86
		Release|x64 = Release|x64
		Release|x86 = Release|x86
	EndGlobalSection
	GlobalSection(ProjectConfigurationPlatforms) = postSolution
		{A650B00F-BD9C-4089-95AD-E376493D71D3}.Debug|x64.ActiveCfg = Debug|x64
		{A650B00F-BD9C-4089-95AD-E376493D71D3}.Debug|x64.Build.0 = Debug|x64
		{A650B00F-BD9C-4089-95AD-E376493D71D3}.Debug|x86.ActiveCfg = Debug|Win32
		{A650B00F-BD9C-4089-95AD-E376493D71D3}.Debug|x86.Build.0 = Debug|Win32
		{A650B00F-BD9C-4089-95AD-E376493D71D3}.Release|x64.ActiveCfg = Release|x64
		{A650B00F-BD9C-4089-95AD-E376493D71D3}.Release|x64.Build.0 = Release|x64
		{A650B00F-BD9C-4089-95AD-E376493D71D3}.Release|x86.ActiveCfg = Release|Win32
		{A650B00F-BD9C-4089-95AD-E376493D71D3}.Release|x86.Build.0 = Release|Win32
	EndGlobalSection
	GlobalSection(SolutionProperties) = preSolution
		HideSolutionNode = FALSE
	EndGlobalSection
	GlobalSection(ExtensibilityGlobals) = postSolution
		SolutionGuid = {647C1676-9125-4332-A54C-0DFB0E1C0479}
	EndGlobalSection
EndGlobal
